
Microsoft Visual Studio Solution File, Format Version 12.00
# Visual Studio 15
VisualStudioVersion = 15.0.28307.572
MinimumVisualStudioVersion = 10.0.40219.1
Project("{FAE04EC0-301F-11D3-BF4B-00C04F79EFBC}") = "CsvReaderSample", "CsvReaderSample\CsvReaderSample.csproj", "{F53829DA-C00E-4BED-AB2A-8B333C5B6DED}"
EndProject
Global
	GlobalSection(SolutionConfigurationPlatforms) = preSolution
		Debug|Any CPU = Debug|Any CPU
		Release|Any CPU = Release|Any CPU
	EndGlobalSection
	GlobalSection(ProjectConfigurationPlatforms) = postSolution
		{F53829DA-C00E-4BED-AB2A-8B333C5B6DED}.Debug|Any CPU.ActiveCfg = Debug|Any CPU
		{F53829DA-C00E-4BED-AB2A-8B333C5B6DED}.Debug|Any CPU.Build.0 = Debug|Any CPU
		{F53829DA-C00E-4BED-AB2A-8B333C5B6DED}.Release|Any CPU.ActiveCfg = Release|Any CPU
		{F53829DA-C00E-4BED-AB2A-8B333C5B6DED}.Release|Any CPU.Build.0 = Release|Any CPU
	EndGlobalSection
	GlobalSection(SolutionProperties) = preSolution
		HideSolutionNode = FALSE
	EndGlobalSection
	GlobalSection(ExtensibilityGlobals) = postSolution
		SolutionGuid = {8B92B7E9-5709-425E-954B-EB321A92A4A7}
	EndGlobalSection
EndGlobal
